
Microsoft Visual Studio Solution File, Format Version 12.00
# Visual Studio Version 16
VisualStudioVersion = 16.0.30804.86
MinimumVisualStudioVersion = 10.0.40219.1
Project("{FAE04EC0-301F-11D3-BF4B-00C04F79EFBC}") = "Kursa4", "Kursa4\Kursa4.csproj", "{94F40D69-F9B6-48D0-A7AF-C7DDB7DA9B1B}"
EndProject
Global
	GlobalSection(SolutionConfigurationPlatforms) = preSolution
		Debug|Any CPU = Debug|Any CPU
		Release|Any CPU = Release|Any CPU
	EndGlobalSection
	GlobalSection(ProjectConfigurationPlatforms) = postSolution
		{94F40D69-F9B6-48D0-A7AF-C7DDB7DA9B1B}.Debug|Any CPU.ActiveCfg = Debug|Any CPU
		{94F40D69-F9B6-48D0-A7AF-C7DDB7DA9B1B}.Debug|Any CPU.Build.0 = Debug|Any CPU
		{94F40D69-F9B6-48D0-A7AF-C7DDB7DA9B1B}.Release|Any CPU.ActiveCfg = Release|Any CPU
		{94F40D69-F9B6-48D0-A7AF-C7DDB7DA9B1B}.Release|Any CPU.Build.0 = Release|Any CPU
	EndGlobalSection
	GlobalSection(SolutionProperties) = preSolution
		HideSolutionNode = FALSE
	EndGlobalSection
	GlobalSection(ExtensibilityGlobals) = postSolution
		SolutionGuid = {5299A3CD-3AB7-4A55-8F51-5D70582727FD}
	EndGlobalSection
EndGlobal
